lockfileVersion: '9.0'

settings:
  autoInstallPeers: true
  excludeLinksFromLockfile: false

importers:

  .:
    dependencies:
      nan:
        specifier: ^2.17.0
        version: 2.23.0
    devDependencies:
      tree-sitter-cli:
        specifier: ^0.25.10
        version: 0.25.10

packages:

  nan@2.23.0:
    resolution: {integrity: sha512-1UxuyYGdoQHcGg87Lkqm3FzefucTa0NAiOcuRsDmysep3c1LVCRK2krrUDafMWtjSG04htvAmvg96+SDknOmgQ==}

  tree-sitter-cli@0.25.10:
    resolution: {integrity: sha512-KoebQguKMCIghisEOdA372TIbrUl0kdnfZ9YQIBRAeOvNSKe85XbU4LuFW7hduRUwJj0rAG7pX5wo9sZhbBF1g==}
    engines: {node: '>=12.0.0'}
    hasBin: true

snapshots:

  nan@2.23.0: {}

  tree-sitter-cli@0.25.10: {}
